
Microsoft Visual Studio Solution File, Format Version 12.00
# Visual Studio Version 16
VisualStudioVersion = 16.0.32002.261
MinimumVisualStudioVersion = 10.0.40219.1
Project("{FAE04EC0-301F-11D3-BF4B-00C04F79EFBC}") = "XamDataChart_DashArray", "XamDataChart_DashArray\XamDataChart_DashArray.csproj", "{3FB6196C-DDA5-4325-8876-EE978139B042}"
EndProject
Global
	GlobalSection(SolutionConfigurationPlatforms) = preSolution
		Debug|Any CPU = Debug|Any CPU
		Release|Any CPU = Release|Any CPU
	EndGlobalSection
	GlobalSection(ProjectConfigurationPlatforms) = postSolution
		{3FB6196C-DDA5-4325-8876-EE978139B042}.Debug|Any CPU.ActiveCfg = Debug|Any CPU
		{3FB6196C-DDA5-4325-8876-EE978139B042}.Debug|Any CPU.Build.0 = Debug|Any CPU
		{3FB6196C-DDA5-4325-8876-EE978139B042}.Release|Any CPU.ActiveCfg = Release|Any CPU
		{3FB6196C-DDA5-4325-8876-EE978139B042}.Release|Any CPU.Build.0 = Release|Any CPU
	EndGlobalSection
	GlobalSection(SolutionProperties) = preSolution
		HideSolutionNode = FALSE
	EndGlobalSection
	GlobalSection(ExtensibilityGlobals) = postSolution
		SolutionGuid = {034BD4A8-3A7B-4FB3-82B0-8711FF77D793}
	EndGlobalSection
EndGlobal
